
Microsoft Visual Studio Solution File, Format Version 12.00
# Visual Studio 15
VisualStudioVersion = 15.0.28010.2046
MinimumVisualStudioVersion = 10.0.40219.1
Project("{FAE04EC0-301F-11D3-BF4B-00C04F79EFBC}") = "OLCDatExtractor", "OLCDatExtractor\OLCDatExtractor.csproj", "{3A06AF9B-EA66-4F30-81BC-5FDF919250D9}"
EndProject
Global
	GlobalSection(SolutionConfigurationPlatforms) = preSolution
		Debug|Any CPU = Debug|Any CPU
		Release|Any CPU = Release|Any CPU
	EndGlobalSection
	GlobalSection(ProjectConfigurationPlatforms) = postSolution
		{3A06AF9B-EA66-4F30-81BC-5FDF919250D9}.Debug|Any CPU.ActiveCfg = Debug|Any CPU
		{3A06AF9B-EA66-4F30-81BC-5FDF919250D9}.Debug|Any CPU.Build.0 = Debug|Any CPU
		{3A06AF9B-EA66-4F30-81BC-5FDF919250D9}.Release|Any CPU.ActiveCfg = Release|Any CPU
		{3A06AF9B-EA66-4F30-81BC-5FDF919250D9}.Release|Any CPU.Build.0 = Release|Any CPU
	EndGlobalSection
	GlobalSection(SolutionProperties) = preSolution
		HideSolutionNode = FALSE
	EndGlobalSection
	GlobalSection(ExtensibilityGlobals) = postSolution
		SolutionGuid = {0C863676-341B-4147-9FD0-60224CE30514}
	EndGlobalSection
EndGlobal
